<?xml version="1.0" encoding="utf-8"?>
<Project ToolsVersion="18.0" xmlns="http://schemas.microsoft.com/developer/msbuild/2003">
  <ItemGroup>
    <CustomBuild Include="D:\copilot-tools\.third_party\mbedtls-3.6.2\build-x64\CMakeFiles\6f2a427dda9db3dba071b8106e209e14\apidoc.rule">
      <Filter>CMake Rules</Filter>
    </CustomBuild>
    <CustomBuild Include="D:\copilot-tools\.third_party\mbedtls-3.6.2\CMakeLists.txt" />
  </ItemGroup>
  <ItemGroup>
    <None Include="D:\copilot-tools\.third_party\mbedtls-3.6.2\build-x64\CMakeFiles\apidoc" />
  </ItemGroup>
  <ItemGroup>
    <Filter Include="CMake Rules">
      <UniqueIdentifier>{08A75736-39D9-3FE2-A29E-669D7C76D538}</UniqueIdentifier>
    </Filter>
  </ItemGroup>
</Project>
